
Microsoft Visual Studio Solution File, Format Version 12.00
# Visual Studio 2012
Project("{8BC9CEB8-8B4A-11D0-8D11-00A0C91BC942}") = "umio_lib_fbx2014", "project\umio_lib_fbx2014\umio_lib_fbx2014.vcxproj", "{19F5A1F5-C3CA-4B74-954A-0A9EC988C59D}"
EndProject
Project("{8BC9CEB8-8B4A-11D0-8D11-00A0C91BC942}") = "umio_pyd_fbx2014", "project\umio_pyd_fbx2014\umio_pyd_fbx2014.vcxproj", "{3719EE44-AA5F-42FA-B2B6-58A2C71C61FB}"
EndProject
Project("{8BC9CEB8-8B4A-11D0-8D11-00A0C91BC942}") = "umio_exe_fbx2014", "project\umio_exe_fbx2014\umio_exe_fbx2014.vcxproj", "{A399C7AD-CA39-41D9-A708-185BF7A4A9FA}"
EndProject
Global
	GlobalSection(SolutionConfigurationPlatforms) = preSolution
		Debug|Win32 = Debug|Win32
		Debug|x64 = Debug|x64
		Release|Win32 = Release|Win32
		Release|x64 = Release|x64
	EndGlobalSection
	GlobalSection(ProjectConfigurationPlatforms) = postSolution
		{19F5A1F5-C3CA-4B74-954A-0A9EC988C59D}.Debug|Win32.ActiveCfg = Debug|Win32
		{19F5A1F5-C3CA-4B74-954A-0A9EC988C59D}.Debug|Win32.Build.0 = Debug|Win32
		{19F5A1F5-C3CA-4B74-954A-0A9EC988C59D}.Debug|x64.ActiveCfg = Debug|x64
		{19F5A1F5-C3CA-4B74-954A-0A9EC988C59D}.Debug|x64.Build.0 = Debug|x64
		{19F5A1F5-C3CA-4B74-954A-0A9EC988C59D}.Release|Win32.ActiveCfg = Release|Win32
		{19F5A1F5-C3CA-4B74-954A-0A9EC988C59D}.Release|Win32.Build.0 = Release|Win32
		{19F5A1F5-C3CA-4B74-954A-0A9EC988C59D}.Release|x64.ActiveCfg = Release|x64
		{19F5A1F5-C3CA-4B74-954A-0A9EC988C59D}.Release|x64.Build.0 = Release|x64
		{3719EE44-AA5F-42FA-B2B6-58A2C71C61FB}.Debug|Win32.ActiveCfg = Debug|Win32
		{3719EE44-AA5F-42FA-B2B6-58A2C71C61FB}.Debug|Win32.Build.0 = Debug|Win32
		{3719EE44-AA5F-42FA-B2B6-58A2C71C61FB}.Debug|x64.ActiveCfg = Debug|x64
		{3719EE44-AA5F-42FA-B2B6-58A2C71C61FB}.Debug|x64.Build.0 = Debug|x64
		{3719EE44-AA5F-42FA-B2B6-58A2C71C61FB}.Release|Win32.ActiveCfg = Release|Win32
		{3719EE44-AA5F-42FA-B2B6-58A2C71C61FB}.Release|Win32.Build.0 = Release|Win32
		{3719EE44-AA5F-42FA-B2B6-58A2C71C61FB}.Release|x64.ActiveCfg = Release|x64
		{A399C7AD-CA39-41D9-A708-185BF7A4A9FA}.Debug|Win32.ActiveCfg = Debug|Win32
		{A399C7AD-CA39-41D9-A708-185BF7A4A9FA}.Debug|Win32.Build.0 = Debug|Win32
		{A399C7AD-CA39-41D9-A708-185BF7A4A9FA}.Debug|x64.ActiveCfg = Debug|x64
		{A399C7AD-CA39-41D9-A708-185BF7A4A9FA}.Debug|x64.Build.0 = Debug|x64
		{A399C7AD-CA39-41D9-A708-185BF7A4A9FA}.Release|Win32.ActiveCfg = Release|Win32
		{A399C7AD-CA39-41D9-A708-185BF7A4A9FA}.Release|Win32.Build.0 = Release|Win32
		{A399C7AD-CA39-41D9-A708-185BF7A4A9FA}.Release|x64.ActiveCfg = Release|x64
	EndGlobalSection
	GlobalSection(SolutionProperties) = preSolution
		HideSolutionNode = FALSE
	EndGlobalSection
EndGlobal
