<?xml version="1.0" encoding="utf-8"?>
<Project ToolsVersion="4.0" xmlns="http://schemas.microsoft.com/developer/msbuild/2003">
  <ItemGroup>
    <Filter Include="src">
      <UniqueIdentifier>{3fc942cf-d5d3-4693-a9cf-6de502971fb9}</UniqueIdentifier>
    </Filter>
    <Filter Include="src\msg">
      <UniqueIdentifier>{a0011da9-7f0a-458e-881d-0713b4eaaa2a}</UniqueIdentifier>
    </Filter>
  </ItemGroup>
  <ItemGroup>
    <ClInclude Include="..\..\src\UMIOSetting.h">
      <Filter>src</Filter>
    </ClInclude>
    <ClInclude Include="..\..\src\UMListTypes.h">
      <Filter>src</Filter>
    </ClInclude>
    <ClInclude Include="..\..\src\UMMatrix.h">
      <Filter>src</Filter>
    </ClInclude>
    <ClInclude Include="..\..\src\UMObject.h">
      <Filter>src</Filter>
    </ClInclude>
    <ClInclude Include="..\..\src\UMVector.h">
      <Filter>src</Filter>
    </ClInclude>
    <ClInclude Include="..\..\src\UMAnimation.h">
      <Filter>src</Filter>
    </ClInclude>
    <ClInclude Include="..\..\src\UMFbx.h">
      <Filter>src</Filter>
    </ClInclude>
    <ClInclude Include="..\..\src\UMIO.h">
      <Filter>src</Filter>
    </ClInclude>
    <ClInclude Include="..\..\src\msg\UMMatrixMsg.h">
      <Filter>src\msg</Filter>
    </ClInclude>
    <ClInclude Include="..\..\src\msg\UMMeshMsg.h">
      <Filter>src\msg</Filter>
    </ClInclude>
    <ClInclude Include="..\..\src\msg\UMNodeMsg.h">
      <Filter>src\msg</Filter>
    </ClInclude>
    <ClInclude Include="..\..\src\msg\UMObjectMsg.h">
      <Filter>src\msg</Filter>
    </ClInclude>
    <ClInclude Include="..\..\src\msg\UMPoseMsg.h">
      <Filter>src\msg</Filter>
    </ClInclude>
    <ClInclude Include="..\..\src\msg\UMShapeMsg.h">
      <Filter>src\msg</Filter>
    </ClInclude>
    <ClInclude Include="..\..\src\msg\UMSkeletonMsg.h">
      <Filter>src\msg</Filter>
    </ClInclude>
    <ClInclude Include="..\..\src\msg\UMSkinMsg.h">
      <Filter>src\msg</Filter>
    </ClInclude>
    <ClInclude Include="..\..\src\msg\UMTextureMsg.h">
      <Filter>src\msg</Filter>
    </ClInclude>
    <ClInclude Include="..\..\src\msg\UMVector2Msg.h">
      <Filter>src\msg</Filter>
    </ClInclude>
    <ClInclude Include="..\..\src\msg\UMVector3Msg.h">
      <Filter>src\msg</Filter>
    </ClInclude>
    <ClInclude Include="..\..\src\msg\UMVector4Msg.h">
      <Filter>src\msg</Filter>
    </ClInclude>
    <ClInclude Include="..\..\src\msg\UMBlendShapeChannelMsg.h">
      <Filter>src\msg</Filter>
    </ClInclude>
    <ClInclude Include="..\..\src\msg\UMBlendShapeMsg.h">
      <Filter>src\msg</Filter>
    </ClInclude>
    <ClInclude Include="..\..\src\msg\UMCameraMsg.h">
      <Filter>src\msg</Filter>
    </ClInclude>
    <ClInclude Include="..\..\src\msg\UMClusterMsg.h">
      <Filter>src\msg</Filter>
    </ClInclude>
    <ClInclude Include="..\..\src\msg\UMDeformerMsg.h">
      <Filter>src\msg</Filter>
    </ClInclude>
    <ClInclude Include="..\..\src\msg\UMIOSettingMsg.h">
      <Filter>src\msg</Filter>
    </ClInclude>
    <ClInclude Include="..\..\src\msg\UMMaterialMsg.h">
      <Filter>src\msg</Filter>
    </ClInclude>
  </ItemGroup>
  <ItemGroup>
    <ClCompile Include="..\..\src\UMFbx.cpp">
      <Filter>src</Filter>
    </ClCompile>
    <ClCompile Include="..\..\src\UMFbx2011.cpp">
      <Filter>src</Filter>
    </ClCompile>
    <ClCompile Include="..\..\src\UMFbx2013.cpp">
      <Filter>src</Filter>
    </ClCompile>
    <ClCompile Include="..\..\src\UMFbx2014.cpp">
      <Filter>src</Filter>
    </ClCompile>
    <ClCompile Include="..\..\src\UMFbx2015.cpp">
      <Filter>src</Filter>
    </ClCompile>
    <ClCompile Include="..\..\src\UMIO.cpp">
      <Filter>src</Filter>
    </ClCompile>
    <ClCompile Include="..\..\src\UMMain.cpp">
      <Filter>src</Filter>
    </ClCompile>
    <ClCompile Include="..\..\src\UMObject.cpp">
      <Filter>src</Filter>
    </ClCompile>
    <ClCompile Include="..\..\src\UMPython.cpp">
      <Filter>src</Filter>
    </ClCompile>
    <ClCompile Include="..\..\src\UMFbx2016.cpp">
      <Filter>src</Filter>
    </ClCompile>
  </ItemGroup>
</Project>