<?xml version="1.0" encoding="utf-8"?>
<Project ToolsVersion="4.0" xmlns="http://schemas.microsoft.com/developer/msbuild/2003">
  <ItemGroup>
    <Filter Include="src">
      <UniqueIdentifier>{3fc942cf-d5d3-4693-a9cf-6de502971fb9}</UniqueIdentifier>
    </Filter>
    <Filter Include="src\msg">
      <UniqueIdentifier>{c679998f-c2a1-4314-839a-a1c6c83ee57d}</UniqueIdentifier>
    </Filter>
    <Filter Include="src\bos">
      <UniqueIdentifier>{cf8f3ae0-9946-46af-90b7-171db0330209}</UniqueIdentifier>
    </Filter>
    <Filter Include="src\pmx">
      <UniqueIdentifier>{53ebcfa5-bec9-4151-9007-31c574d9b139}</UniqueIdentifier>
    </Filter>
    <Filter Include="src\umdraw">
      <UniqueIdentifier>{c08d6d92-75e3-4c7f-9bb9-c21f9fe97f02}</UniqueIdentifier>
    </Filter>
    <Filter Include="src\umabc">
      <UniqueIdentifier>{f9c794bf-c07f-4816-b0e6-684f450612ca}</UniqueIdentifier>
    </Filter>
    <Filter Include="src\umbase">
      <UniqueIdentifier>{cc9593ff-8863-4af1-bb42-eb81bbe2c1a2}</UniqueIdentifier>
    </Filter>
  </ItemGroup>
  <ItemGroup>
    <ClInclude Include="..\..\src\msg\UMClusterMsg.h">
      <Filter>src\msg</Filter>
    </ClInclude>
    <ClInclude Include="..\..\src\msg\UMDeformerMsg.h">
      <Filter>src\msg</Filter>
    </ClInclude>
    <ClInclude Include="..\..\src\msg\UMIOSettingMsg.h">
      <Filter>src\msg</Filter>
    </ClInclude>
    <ClInclude Include="..\..\src\msg\UMMaterialMsg.h">
      <Filter>src\msg</Filter>
    </ClInclude>
    <ClInclude Include="..\..\src\msg\UMMatrixMsg.h">
      <Filter>src\msg</Filter>
    </ClInclude>
    <ClInclude Include="..\..\src\msg\UMMeshMsg.h">
      <Filter>src\msg</Filter>
    </ClInclude>
    <ClInclude Include="..\..\src\msg\UMNodeMsg.h">
      <Filter>src\msg</Filter>
    </ClInclude>
    <ClInclude Include="..\..\src\msg\UMObjectMsg.h">
      <Filter>src\msg</Filter>
    </ClInclude>
    <ClInclude Include="..\..\src\msg\UMPoseMsg.h">
      <Filter>src\msg</Filter>
    </ClInclude>
    <ClInclude Include="..\..\src\msg\UMShapeMsg.h">
      <Filter>src\msg</Filter>
    </ClInclude>
    <ClInclude Include="..\..\src\msg\UMSkeletonMsg.h">
      <Filter>src\msg</Filter>
    </ClInclude>
    <ClInclude Include="..\..\src\msg\UMSkinMsg.h">
      <Filter>src\msg</Filter>
    </ClInclude>
    <ClInclude Include="..\..\src\msg\UMTextureMsg.h">
      <Filter>src\msg</Filter>
    </ClInclude>
    <ClInclude Include="..\..\src\msg\UMVector2Msg.h">
      <Filter>src\msg</Filter>
    </ClInclude>
    <ClInclude Include="..\..\src\msg\UMVector3Msg.h">
      <Filter>src\msg</Filter>
    </ClInclude>
    <ClInclude Include="..\..\src\msg\UMVector4Msg.h">
      <Filter>src\msg</Filter>
    </ClInclude>
    <ClInclude Include="..\..\src\msg\UMBlendShapeChannelMsg.h">
      <Filter>src\msg</Filter>
    </ClInclude>
    <ClInclude Include="..\..\src\msg\UMBlendShapeMsg.h">
      <Filter>src\msg</Filter>
    </ClInclude>
    <ClInclude Include="..\..\src\msg\UMCameraMsg.h">
      <Filter>src\msg</Filter>
    </ClInclude>
    <ClInclude Include="..\..\src\bos\UMDeformerBos.h">
      <Filter>src\bos</Filter>
    </ClInclude>
    <ClInclude Include="..\..\src\bos\UMIOSettingBos.h">
      <Filter>src\bos</Filter>
    </ClInclude>
    <ClInclude Include="..\..\src\bos\UMMaterialBos.h">
      <Filter>src\bos</Filter>
    </ClInclude>
    <ClInclude Include="..\..\src\bos\UMMatrixBos.h">
      <Filter>src\bos</Filter>
    </ClInclude>
    <ClInclude Include="..\..\src\bos\UMMeshBos.h">
      <Filter>src\bos</Filter>
    </ClInclude>
    <ClInclude Include="..\..\src\bos\UMNodeBos.h">
      <Filter>src\bos</Filter>
    </ClInclude>
    <ClInclude Include="..\..\src\bos\UMObjectBos.h">
      <Filter>src\bos</Filter>
    </ClInclude>
    <ClInclude Include="..\..\src\bos\UMPoseBos.h">
      <Filter>src\bos</Filter>
    </ClInclude>
    <ClInclude Include="..\..\src\bos\UMShapeBos.h">
      <Filter>src\bos</Filter>
    </ClInclude>
    <ClInclude Include="..\..\src\bos\UMSkeletonBos.h">
      <Filter>src\bos</Filter>
    </ClInclude>
    <ClInclude Include="..\..\src\bos\UMSkinBos.h">
      <Filter>src\bos</Filter>
    </ClInclude>
    <ClInclude Include="..\..\src\bos\UMTextureBos.h">
      <Filter>src\bos</Filter>
    </ClInclude>
    <ClInclude Include="..\..\src\bos\UMVector2Bos.h">
      <Filter>src\bos</Filter>
    </ClInclude>
    <ClInclude Include="..\..\src\bos\UMVector3Bos.h">
      <Filter>src\bos</Filter>
    </ClInclude>
    <ClInclude Include="..\..\src\bos\UMVector4Bos.h">
      <Filter>src\bos</Filter>
    </ClInclude>
    <ClInclude Include="..\..\src\bos\UMBlendShapeBos.h">
      <Filter>src\bos</Filter>
    </ClInclude>
    <ClInclude Include="..\..\src\bos\UMBlendShapeChannelBos.h">
      <Filter>src\bos</Filter>
    </ClInclude>
    <ClInclude Include="..\..\src\bos\UMCameraBos.h">
      <Filter>src\bos</Filter>
    </ClInclude>
    <ClInclude Include="..\..\src\bos\UMClusterBos.h">
      <Filter>src\bos</Filter>
    </ClInclude>
    <ClInclude Include="..\..\src\UMAnimation.h">
      <Filter>src</Filter>
    </ClInclude>
    <ClInclude Include="..\..\src\UMFbx.h">
      <Filter>src</Filter>
    </ClInclude>
    <ClInclude Include="..\..\src\UMIO.h">
      <Filter>src</Filter>
    </ClInclude>
    <ClInclude Include="..\..\src\UMIOSetting.h">
      <Filter>src</Filter>
    </ClInclude>
    <ClInclude Include="..\..\src\UMListTypes.h">
      <Filter>src</Filter>
    </ClInclude>
    <ClInclude Include="..\..\src\UMObject.h">
      <Filter>src</Filter>
    </ClInclude>
    <ClInclude Include="..\..\src\umdraw\UMMaterial.h">
      <Filter>src\umdraw</Filter>
    </ClInclude>
    <ClInclude Include="..\..\src\umdraw\UMMesh.h">
      <Filter>src\umdraw</Filter>
    </ClInclude>
    <ClInclude Include="..\..\src\umdraw\UMMeshGroup.h">
      <Filter>src\umdraw</Filter>
    </ClInclude>
    <ClInclude Include="..\..\src\umdraw\UMNode.h">
      <Filter>src\umdraw</Filter>
    </ClInclude>
    <ClInclude Include="..\..\src\umdraw\UMPoint.h">
      <Filter>src\umdraw</Filter>
    </ClInclude>
    <ClInclude Include="..\..\src\umdraw\UMScene.h">
      <Filter>src\umdraw</Filter>
    </ClInclude>
    <ClInclude Include="..\..\src\umdraw\UMShaderEntry.h">
      <Filter>src\umdraw</Filter>
    </ClInclude>
    <ClInclude Include="..\..\src\umdraw\UMSkin.h">
      <Filter>src\umdraw</Filter>
    </ClInclude>
    <ClInclude Include="..\..\src\umdraw\UMSoftwareIO.h">
      <Filter>src\umdraw</Filter>
    </ClInclude>
    <ClInclude Include="..\..\src\umdraw\UMCamera.h">
      <Filter>src\umdraw</Filter>
    </ClInclude>
    <ClInclude Include="..\..\src\umdraw\UMCurve.h">
      <Filter>src\umdraw</Filter>
    </ClInclude>
    <ClInclude Include="..\..\src\umdraw\UMLight.h">
      <Filter>src\umdraw</Filter>
    </ClInclude>
    <ClInclude Include="..\..\src\umdraw\UMLine.h">
      <Filter>src\umdraw</Filter>
    </ClInclude>
    <ClInclude Include="..\..\src\pmx\Vmd.h">
      <Filter>src\pmx</Filter>
    </ClInclude>
    <ClInclude Include="..\..\src\pmx\EncodingHelper.h">
      <Filter>src\pmx</Filter>
    </ClInclude>
    <ClInclude Include="..\..\src\pmx\Pmd.h">
      <Filter>src\pmx</Filter>
    </ClInclude>
    <ClInclude Include="..\..\src\pmx\Pmx.h">
      <Filter>src\pmx</Filter>
    </ClInclude>
    <ClInclude Include="..\..\src\pmx\PmxAbcConverter.h">
      <Filter>src\pmx</Filter>
    </ClInclude>
    <ClInclude Include="..\..\src\umabc\UMAbcCamera.h">
      <Filter>src\umabc</Filter>
    </ClInclude>
    <ClInclude Include="..\..\src\umabc\UMAbcConvert.h">
      <Filter>src\umabc</Filter>
    </ClInclude>
    <ClInclude Include="..\..\src\umabc\UMAbcCurve.h">
      <Filter>src\umabc</Filter>
    </ClInclude>
    <ClInclude Include="..\..\src\umabc\UMAbcMesh.h">
      <Filter>src\umabc</Filter>
    </ClInclude>
    <ClInclude Include="..\..\src\umabc\UMAbcNurbsPatch.h">
      <Filter>src\umabc</Filter>
    </ClInclude>
    <ClInclude Include="..\..\src\umabc\UMAbcObject.h">
      <Filter>src\umabc</Filter>
    </ClInclude>
    <ClInclude Include="..\..\src\umabc\UMAbcPoint.h">
      <Filter>src\umabc</Filter>
    </ClInclude>
    <ClInclude Include="..\..\src\umabc\UMAbcScene.h">
      <Filter>src\umabc</Filter>
    </ClInclude>
    <ClInclude Include="..\..\src\umabc\UMAbcSetting.h">
      <Filter>src\umabc</Filter>
    </ClInclude>
    <ClInclude Include="..\..\src\umabc\UMAbcSoftwareIO.h">
      <Filter>src\umabc</Filter>
    </ClInclude>
    <ClInclude Include="..\..\src\umabc\UMAbcXform.h">
      <Filter>src\umabc</Filter>
    </ClInclude>
    <ClInclude Include="..\..\src\umbase\UMBox.h">
      <Filter>src\umbase</Filter>
    </ClInclude>
    <ClInclude Include="..\..\src\umbase\UMMacro.h">
      <Filter>src\umbase</Filter>
    </ClInclude>
    <ClInclude Include="..\..\src\umbase\UMMath.h">
      <Filter>src\umbase</Filter>
    </ClInclude>
    <ClInclude Include="..\..\src\umbase\UMMathTypes.h">
      <Filter>src\umbase</Filter>
    </ClInclude>
    <ClInclude Include="..\..\src\umbase\UMMatrix.h">
      <Filter>src\umbase</Filter>
    </ClInclude>
    <ClInclude Include="..\..\src\umbase\UMPath.h">
      <Filter>src\umbase</Filter>
    </ClInclude>
    <ClInclude Include="..\..\src\umbase\UMStringUtil.h">
      <Filter>src\umbase</Filter>
    </ClInclude>
    <ClInclude Include="..\..\src\umbase\UMTime.h">
      <Filter>src\umbase</Filter>
    </ClInclude>
    <ClInclude Include="..\..\src\umbase\UMVector.h">
      <Filter>src\umbase</Filter>
    </ClInclude>
    <ClInclude Include="..\..\src\umbase\UMAny.h">
      <Filter>src\umbase</Filter>
    </ClInclude>
  </ItemGroup>
  <ItemGroup>
    <ClCompile Include="..\..\src\UMFbx2011.cpp">
      <Filter>src</Filter>
    </ClCompile>
    <ClCompile Include="..\..\src\UMFbx2013.cpp">
      <Filter>src</Filter>
    </ClCompile>
    <ClCompile Include="..\..\src\UMFbx2014.cpp">
      <Filter>src</Filter>
    </ClCompile>
    <ClCompile Include="..\..\src\UMFbx2015.cpp">
      <Filter>src</Filter>
    </ClCompile>
    <ClCompile Include="..\..\src\UMIO.cpp">
      <Filter>src</Filter>
    </ClCompile>
    <ClCompile Include="..\..\src\UMMain.cpp">
      <Filter>src</Filter>
    </ClCompile>
    <ClCompile Include="..\..\src\UMObject.cpp">
      <Filter>src</Filter>
    </ClCompile>
    <ClCompile Include="..\..\src\UMPython.cpp">
      <Filter>src</Filter>
    </ClCompile>
    <ClCompile Include="..\..\src\UMFbx.cpp">
      <Filter>src</Filter>
    </ClCompile>
    <ClCompile Include="..\..\src\umdraw\UMMaterial.cpp">
      <Filter>src\umdraw</Filter>
    </ClCompile>
    <ClCompile Include="..\..\src\umdraw\UMMesh.cpp">
      <Filter>src\umdraw</Filter>
    </ClCompile>
    <ClCompile Include="..\..\src\umdraw\UMPoint.cpp">
      <Filter>src\umdraw</Filter>
    </ClCompile>
    <ClCompile Include="..\..\src\umdraw\UMScene.cpp">
      <Filter>src\umdraw</Filter>
    </ClCompile>
    <ClCompile Include="..\..\src\umdraw\UMShaderEntry.cpp">
      <Filter>src\umdraw</Filter>
    </ClCompile>
    <ClCompile Include="..\..\src\umdraw\UMSoftwareIO.cpp">
      <Filter>src\umdraw</Filter>
    </ClCompile>
    <ClCompile Include="..\..\src\umdraw\UMCamera.cpp">
      <Filter>src\umdraw</Filter>
    </ClCompile>
    <ClCompile Include="..\..\src\umdraw\UMCurve.cpp">
      <Filter>src\umdraw</Filter>
    </ClCompile>
    <ClCompile Include="..\..\src\umdraw\UMLight.cpp">
      <Filter>src\umdraw</Filter>
    </ClCompile>
    <ClCompile Include="..\..\src\umdraw\UMLine.cpp">
      <Filter>src\umdraw</Filter>
    </ClCompile>
    <ClCompile Include="..\..\src\pmx\Pmx.cpp">
      <Filter>src\pmx</Filter>
    </ClCompile>
    <ClCompile Include="..\..\src\pmx\PmxAbcConverter.cpp">
      <Filter>src\pmx</Filter>
    </ClCompile>
    <ClCompile Include="..\..\src\umabc\UMAbcCamera.cpp">
      <Filter>src\umabc</Filter>
    </ClCompile>
    <ClCompile Include="..\..\src\umabc\UMAbcCurve.cpp">
      <Filter>src\umabc</Filter>
    </ClCompile>
    <ClCompile Include="..\..\src\umabc\UMAbcMesh.cpp">
      <Filter>src\umabc</Filter>
    </ClCompile>
    <ClCompile Include="..\..\src\umabc\UMAbcNurbsPatch.cpp">
      <Filter>src\umabc</Filter>
    </ClCompile>
    <ClCompile Include="..\..\src\umabc\UMAbcObject.cpp">
      <Filter>src\umabc</Filter>
    </ClCompile>
    <ClCompile Include="..\..\src\umabc\UMAbcPoint.cpp">
      <Filter>src\umabc</Filter>
    </ClCompile>
    <ClCompile Include="..\..\src\umabc\UMAbcScene.cpp">
      <Filter>src\umabc</Filter>
    </ClCompile>
    <ClCompile Include="..\..\src\umabc\UMAbcSoftwareIO.cpp">
      <Filter>src\umabc</Filter>
    </ClCompile>
    <ClCompile Include="..\..\src\umabc\UMAbcXform.cpp">
      <Filter>src\umabc</Filter>
    </ClCompile>
    <ClCompile Include="..\..\src\umbase\UMBox.cpp">
      <Filter>src\umbase</Filter>
    </ClCompile>
    <ClCompile Include="..\..\src\umbase\UMPath.cpp">
      <Filter>src\umbase</Filter>
    </ClCompile>
    <ClCompile Include="..\..\src\umbase\UMTime.cpp">
      <Filter>src\umbase</Filter>
    </ClCompile>
  </ItemGroup>
</Project>